// !$*UTF8*$!
{
	archiveVersion = 1;
	classes = {
	};
	objectVersion = 46;
	objects = {

/* Begin PBXBuildFile section */
		468CBEC11E6F787700B6FC6A /* AppDelegate.swift in Sources */ = {isa = PBXBuildFile; fileRef = 468CBEC01E6F787700B6FC6A /* AppDelegate.swift */; };
		468CBEC31E6F787700B6FC6A /* ViewController.swift in Sources */ = {isa = PBXBuildFile; fileRef = 468CBEC21E6F787700B6FC6A /* ViewController.swift */; };
		468CBEC61E6F787700B6FC6A /* Main.storyboard in Resources */ = {isa = PBXBuildFile; fileRef = 468CBEC41E6F787700B6FC6A /* Main.storyboard */; };
		468CBEC81E6F787700B6FC6A /* Assets.xcassets in Resources */ = {isa = PBXBuildFile; fileRef = 468CBEC71E6F787700B6FC6A /* Assets.xcassets */; };
		468CBECB1E6F787700B6FC6A /* LaunchScreen.storyboard in Resources */ = {isa = PBXBuildFile; fileRef = 468CBEC91E6F787700B6FC6A /* LaunchScreen.storyboard */; };
/* End PBXBuildFile section */

/* Begin PBXFileReference section */
		468CBEBD1E6F787700B6FC6A /* dashAndDineMobile.app */ = {isa = PBXFileReference; explicitFileType = wrapper.application; includeInIndex = 0; path = dashAndDineMobile.app; sourceTree = BUILT_PRODUCTS_DIR; };
		468CBEC01E6F787700B6FC6A /* AppDelegate.swift */ = {isa = PBXFileReference; lastKnownFileType = sourcecode.swift; path = AppDelegate.swift; sourceTree = "<group>"; };
		468CBEC21E6F787700B6FC6A /* ViewController.swift */ = {isa = PBXFileReference; lastKnownFileType = sourcecode.swift; path = ViewController.swift; sourceTree = "<group>"; };
		468CBEC51E6F787700B6FC6A /* Base */ = {isa = PBXFileReference; lastKnownFileType = file.storyboard; name = Base; path = Base.lproj/Main.storyboard; sourceTree = "<group>"; };
		468CBEC71E6F787700B6FC6A /* Assets.xcassets */ = {isa = PBXFileReference; lastKnownFileType = folder.assetcatalog; path = Assets.xcassets; sourceTree = "<group>"; };
		468CBECA1E6F787700B6FC6A /* Base */ = {isa = PBXFileReference; lastKnownFileType = file.storyboard; name = Base; path = Base.lproj/LaunchScreen.storyboard; sourceTree = "<group>"; };
		468CBECC1E6F787700B6FC6A /* Info.plist */ = {isa = PBXFileReference; lastKnownFileType = text.plist.xml; path = Info.plist; sourceTree = "<group>"; };
/* End PBXFileReference section */

/* Begin PBXFrameworksBuildPhase section */
		468CBEBA1E6F787700B6FC6A /* Frameworks */ = {
			isa = PBXFrameworksBuildPhase;
			buildActionMask = 2147483647;
			files = (
			);
			runOnlyForDeploymentPostprocessing = 0;
		};
/* End PBXFrameworksBuildPhase section */

/* Begin PBXGroup section */
		468CBEB41E6F787700B6FC6A = {
			isa = PBXGroup;
			children = (
				468CBEBF1E6F787700B6FC6A /* dashAndDineMobile */,
				468CBEBE1E6F787700B6FC6A /* Products */,
			);
			sourceTree = "<group>";
		};
		468CBEBE1E6F787700B6FC6A /* Products */ = {
			isa = PBXGroup;
			children = (
				468CBEBD1E6F787700B6FC6A /* dashAndDineMobile.app */,
			);
			name = Products;
			sourceTree = "<group>";
		};
		468CBEBF1E6F787700B6FC6A /* dashAndDineMobile */ = {
			isa = PBXGroup;
			children = (
				468CBEC01E6F787700B6FC6A /* AppDelegate.swift */,
				468CBEC21E6F787700B6FC6A /* ViewController.swift */,
				468CBEC41E6F787700B6FC6A /* Main.storyboard */,
				468CBEC71E6F787700B6FC6A /* Assets.xcassets */,
				468CBEC91E6F787700B6FC6A /* LaunchScreen.storyboard */,
				468CBECC1E6F787700B6FC6A /* Info.plist */,
			);
			path = dashAndDineMobile;
			sourceTree = "<group>";
		};
/* End PBXGroup section */

/* Begin PBXNativeTarget section */
		468CBEBC1E6F787700B6FC6A /* dashAndDineMobile */ = {
			isa = PBXNativeTarget;
			buildConfigurationList = 468CBECF1E6F787700B6FC6A /* Build configuration list for PBXNativeTarget "dashAndDineMobile" */;
			buildPhases = (
				468CBEB91E6F787700B6FC6A /* Sources */,
				468CBEBA1E6F787700B6FC6A /* Frameworks */,
				468CBEBB1E6F787700B6FC6A /* Resources */,
			);
			buildRules = (
			);
			dependencies = (
			);
			name = dashAndDineMobile;
			productName = dashAndDineMobile;
			productReference = 468CBEBD1E6F787700B6FC6A /* dashAndDineMobile.app */;
			productType = "com.apple.product-type.application";
		};
/* End PBXNativeTarget section */

/* Begin PBXProject section */
		468CBEB51E6F787700B6FC6A /* Project object */ = {
			isa = PBXProject;
			attributes = {
				LastSwiftUpdateCheck = 0820;
				LastUpgradeCheck = 0820;
				ORGANIZATIONNAME = "Matt Gordon";
				TargetAttributes = {
					468CBEBC1E6F787700B6FC6A = {
						CreatedOnToolsVersion = 8.2.1;
						ProvisioningStyle = Automatic;
					};
				};
			};
			buildConfigurationList = 468CBEB81E6F787700B6FC6A /* Build configuration list for PBXProject "dashAndDineMobile" */;
			compatibilityVersion = "Xcode 3.2";
			developmentRegion = English;
			hasScannedForEncodings = 0;
			knownRegions = (
				en,
				Base,
			);
			mainGroup = 468CBEB41E6F787700B6FC6A;
			productRefGroup = 468CBEBE1E6F787700B6FC6A /* Products */;
			projectDirPath = "";
			projectRoot = "";
			targets = (
				468CBEBC1E6F787700B6FC6A /* dashAndDineMobile */,
			);
		};
/* End PBXProject section */

/* Begin PBXResourcesBuildPhase section */
		468CBEBB1E6F787700B6FC6A /* Resources */ = {
			isa = PBXResourcesBuildPhase;
			buildActionMask = 2147483647;
			files = (
				468CBECB1E6F787700B6FC6A /* LaunchScreen.storyboard in Resources */,
				468CBEC81E6F787700B6FC6A /* Assets.xcassets in Resources */,
				468CBEC61E6F787700B6FC6A /* Main.storyboard in Resources */,
			);
			runOnlyForDeploymentPostprocessing = 0;
		};
/* End PBXResourcesBuildPhase section */

/* Begin PBXSourcesBuildPhase section */
		468CBEB91E6F787700B6FC6A /* Sources */ = {
			isa = PBXSourcesBuildPhase;
			buildActionMask = 2147483647;
			files = (
				468CBEC31E6F787700B6FC6A /* ViewController.swift in Sources */,
				468CBEC11E6F787700B6FC6A /* AppDelegate.swift in Sources */,
			);
			runOnlyForDeploymentPostprocessing = 0;
		};
/* End PBXSourcesBuildPhase section */

/* Begin PBXVariantGroup section */
		468CBEC41E6F787700B6FC6A /* Main.storyboard */ = {
			isa = PBXVariantGroup;
			children = (
				468CBEC51E6F787700B6FC6A /* Base */,
			);
			name = Main.storyboard;
			sourceTree = "<group>";
		};
		468CBEC91E6F787700B6FC6A /* LaunchScreen.storyboard */ = {
			isa = PBXVariantGroup;
			children = (
				468CBECA1E6F787700B6FC6A /* Base */,
			);
			name = LaunchScreen.storyboard;
			sourceTree = "<group>";
		};
/* End PBXVariantGroup section */

/* Begin XCBuildConfiguration section */
		468CBECD1E6F787700B6FC6A /* Debug */ = {
			isa = XCBuildConfiguration;
			buildSettings = {
				ALWAYS_SEARCH_USER_PATHS = NO;
				CLANG_ANALYZER_NONNULL = YES;
				CLANG_CXX_LANGUAGE_STANDARD = "gnu++0x";
				CLANG_CXX_LIBRARY = "libc++";
				CLANG_ENABLE_MODULES = YES;
				CLANG_ENABLE_OBJC_ARC = YES;
				CLANG_WARN_BOOL_CONVERSION = YES;
				CLANG_WARN_CONSTANT_CONVERSION = YES;
				CLANG_WARN_DIRECT_OBJC_ISA_USAGE = YES_ERROR;
				CLANG_WARN_DOCUMENTATION_COMMENTS = YES;
				CLANG_WARN_EMPTY_BODY = YES;
				CLANG_WARN_ENUM_CONVERSION = YES;
				CLANG_WARN_INFINITE_RECURSION = YES;
				CLANG_WARN_INT_CONVERSION = YES;
				CLANG_WARN_OBJC_ROOT_CLASS = YES_ERROR;
				CLANG_WARN_SUSPICIOUS_MOVE = YES;
				CLANG_WARN_UNREACHABLE_CODE = YES;
				CLANG_WARN__DUPLICATE_METHOD_MATCH = YES;
				"CODE_SIGN_IDENTITY[sdk=iphoneos*]" = "iPhone Developer";
				COPY_PHASE_STRIP = NO;
				DEBUG_INFORMATION_FORMAT = dwarf;
				ENABLE_STRICT_OBJC_MSGSEND = YES;
				ENABLE_TESTABILITY = YES;
				GCC_C_LANGUAGE_STANDARD = gnu99;
				GCC_DYNAMIC_NO_PIC = NO;
				GCC_NO_COMMON_BLOCKS = YES;
				GCC_OPTIMIZATION_LEVEL = 0;
				GCC_PREPROCESSOR_DEFINITIONS = (
					"DEBUG=1",
					"$(inherited)",
				);
				GCC_WARN_64_TO_32_BIT_CONVERSION = YES;
				GCC_WARN_ABOUT_RETURN_TYPE = YES_ERROR;
				GCC_WARN_UNDECLARED_SELECTOR = YES;
				GCC_WARN_UNINITIALIZED_AUTOS = YES_AGGRESSIVE;
				GCC_WARN_UNUSED_FUNCTION = YES;
				GCC_WARN_UNUSED_VARIABLE = YES;
				IPHONEOS_DEPLOYMENT_TARGET = 10.2;
				MTL_ENABLE_DEBUG_INFO = YES;
				ONLY_ACTIVE_ARCH = YES;
				SDKROOT = iphoneos;
				SWIFT_ACTIVE_COMPILATION_CONDITIONS = DEBUG;
				SWIFT_OPTIMIZATION_LEVEL = "-Onone";
				TARGETED_DEVICE_FAMILY = "1,2";
			};
			name = Debug;
		};
		468CBECE1E6F787700B6FC6A /* Release */ = {
			isa = XCBuildConfiguration;
			buildSettings = {
				ALWAYS_SEARCH_USER_PATHS = NO;
				CLANG_ANALYZER_NONNULL = YES;
				CLANG_CXX_LANGUAGE_STANDARD = "gnu++0x";
				CLANG_CXX_LIBRARY = "libc++";
				CLANG_ENABLE_MODULES = YES;
				CLANG_ENABLE_OBJC_ARC = YES;
				CLANG_WARN_BOOL_CONVERSION = YES;
				CLANG_WARN_CONSTANT_CONVERSION = YES;
				CLANG_WARN_DIRECT_OBJC_ISA_USAGE = YES_ERROR;
				CLANG_WARN_DOCUMENTATION_COMMENTS = YES;
				CLANG_WARN_EMPTY_BODY = YES;
				CLANG_WARN_ENUM_CONVERSION = YES;
				CLANG_WARN_INFINITE_RECURSION = YES;
				CLANG_WARN_INT_CONVERSION = YES;
				CLANG_WARN_OBJC_ROOT_CLASS = YES_ERROR;
				CLANG_WARN_SUSPICIOUS_MOVE = YES;
				CLANG_WARN_UNREACHABLE_CODE = YES;
				CLANG_WARN__DUPLICATE_METHOD_MATCH = YES;
				"CODE_SIGN_IDENTITY[sdk=iphoneos*]" = "iPhone Developer";
				COPY_PHASE_STRIP = NO;
				DEBUG_INFORMATION_FORMAT = "dwarf-with-dsym";
				ENABLE_NS_ASSERTIONS = NO;
				ENABLE_STRICT_OBJC_MSGSEND = YES;
				GCC_C_LANGUAGE_STANDARD = gnu99;
				GCC_NO_COMMON_BLOCKS = YES;
				GCC_WARN_64_TO_32_BIT_CONVERSION = YES;
				GCC_WARN_ABOUT_RETURN_TYPE = YES_ERROR;
				GCC_WARN_UNDECLARED_SELECTOR = YES;
				GCC_WARN_UNINITIALIZED_AUTOS = YES_AGGRESSIVE;
				GCC_WARN_UNUSED_FUNCTION = YES;
				GCC_WARN_UNUSED_VARIABLE = YES;
				IPHONEOS_DEPLOYMENT_TARGET = 10.2;
				MTL_ENABLE_DEBUG_INFO = NO;
				SDKROOT = iphoneos;
				SWIFT_OPTIMIZATION_LEVEL = "-Owholemodule";
				TARGETED_DEVICE_FAMILY = "1,2";
				VALIDATE_PRODUCT = YES;
			};
			name = Release;
		};
		468CBED01E6F787700B6FC6A /* Debug */ = {
			isa = XCBuildConfiguration;
			buildSettings = {
				ASSETCATALOG_COMPILER_APPICON_NAME = AppIcon;
				INFOPLIST_FILE = dashAndDineMobile/Info.plist;
				LD_RUNPATH_SEARCH_PATHS = "$(inherited) @executable_path/Frameworks";
				PRODUCT_BUNDLE_IDENTIFIER = com.slightright.dashAndDineMobile;
				PRODUCT_NAME = "$(TARGET_NAME)";
				SWIFT_VERSION = 3.0;
			};
			name = Debug;
		};
		468CBED11E6F787700B6FC6A /* Release */ = {
			isa = XCBuildConfiguration;
			buildSettings = {
				ASSETCATALOG_COMPILER_APPICON_NAME = AppIcon;
				INFOPLIST_FILE = dashAndDineMobile/Info.plist;
				LD_RUNPATH_SEARCH_PATHS = "$(inherited) @executable_path/Frameworks";
				PRODUCT_BUNDLE_IDENTIFIER = com.slightright.dashAndDineMobile;
				PRODUCT_NAME = "$(TARGET_NAME)";
				SWIFT_VERSION = 3.0;
			};
			name = Release;
		};
/* End XCBuildConfiguration section */

/* Begin XCConfigurationList section */
		468CBEB81E6F787700B6FC6A /* Build configuration list for PBXProject "dashAndDineMobile" */ = {
			isa = XCConfigurationList;
			buildConfigurations = (
				468CBECD1E6F787700B6FC6A /* Debug */,
				468CBECE1E6F787700B6FC6A /* Release */,
			);
			defaultConfigurationIsVisible = 0;
			defaultConfigurationName = Release;
		};
		468CBECF1E6F787700B6FC6A /* Build configuration list for PBXNativeTarget "dashAndDineMobile" */ = {
			isa = XCConfigurationList;
			buildConfigurations = (
				468CBED01E6F787700B6FC6A /* Debug */,
				468CBED11E6F787700B6FC6A /* Release */,
			);
			defaultConfigurationIsVisible = 0;
		};
/* End XCConfigurationList section */
	};
	rootObject = 468CBEB51E6F787700B6FC6A /* Project object */;
}
